
Microsoft Visual Studio Solution File, Format Version 12.00
# Visual Studio Version 17
VisualStudioVersion = 17.12.35527.113 d17.12
MinimumVisualStudioVersion = 10.0.40219.1
Project("{FAE04EC0-301F-11D3-BF4B-00C04F79EFBC}") = "API", "API\API.csproj", "{61E6AA30-D0F9-4396-92A5-716E89A903D0}"
EndProject
Project("{FAE04EC0-301F-11D3-BF4B-00C04F79EFBC}") = "Repositories", "Repositories\Repositories.csproj", "{AFBFF7A3-D685-4162-8C16-76B22456F615}"
EndProject
Project("{FAE04EC0-301F-11D3-BF4B-00C04F79EFBC}") = "Services", "Services\Services.csproj", "{0FE2A1C5-ED14-41D7-AA9C-821BFC02F745}"
EndProject
Global
	GlobalSection(SolutionConfigurationPlatforms) = preSolution
		Debug|Any CPU = Debug|Any CPU
		Release|Any CPU = Release|Any CPU
	EndGlobalSection
	GlobalSection(ProjectConfigurationPlatforms) = postSolution
		{61E6AA30-D0F9-4396-92A5-716E89A903D0}.Debug|Any CPU.ActiveCfg = Debug|Any CPU
		{61E6AA30-D0F9-4396-92A5-716E89A903D0}.Debug|Any CPU.Build.0 = Debug|Any CPU
		{61E6AA30-D0F9-4396-92A5-716E89A903D0}.Release|Any CPU.ActiveCfg = Release|Any CPU
		{61E6AA30-D0F9-4396-92A5-716E89A903D0}.Release|Any CPU.Build.0 = Release|Any CPU
		{AFBFF7A3-D685-4162-8C16-76B22456F615}.Debug|Any CPU.ActiveCfg = Debug|Any CPU
		{AFBFF7A3-D685-4162-8C16-76B22456F615}.Debug|Any CPU.Build.0 = Debug|Any CPU
		{AFBFF7A3-D685-4162-8C16-76B22456F615}.Release|Any CPU.ActiveCfg = Release|Any CPU
		{AFBFF7A3-D685-4162-8C16-76B22456F615}.Release|Any CPU.Build.0 = Release|Any CPU
		{0FE2A1C5-ED14-41D7-AA9C-821BFC02F745}.Debug|Any CPU.ActiveCfg = Debug|Any CPU
		{0FE2A1C5-ED14-41D7-AA9C-821BFC02F745}.Debug|Any CPU.Build.0 = Debug|Any CPU
		{0FE2A1C5-ED14-41D7-AA9C-821BFC02F745}.Release|Any CPU.ActiveCfg = Release|Any CPU
		{0FE2A1C5-ED14-41D7-AA9C-821BFC02F745}.Release|Any CPU.Build.0 = Release|Any CPU
	EndGlobalSection
	GlobalSection(SolutionProperties) = preSolution
		HideSolutionNode = FALSE
	EndGlobalSection
EndGlobal
